
Microsoft Visual Studio Solution File, Format Version 12.00
# Visual Studio Version 17
VisualStudioVersion = 17.3.32929.385
MinimumVisualStudioVersion = 10.0.40219.1
Project("{FAE04EC0-301F-11D3-BF4B-00C04F79EFBC}") = "DistributionOfSweetsToChildren", "DistributionOfSweetsToChildren\DistributionOfSweetsToChildren.csproj", "{17C3BEA4-A34E-4DBB-AB49-DB81D3D3BE63}"
EndProject
Global
	GlobalSection(SolutionConfigurationPlatforms) = preSolution
		Debug|Any CPU = Debug|Any CPU
		Release|Any CPU = Release|Any CPU
	EndGlobalSection
	GlobalSection(ProjectConfigurationPlatforms) = postSolution
		{17C3BEA4-A34E-4DBB-AB49-DB81D3D3BE63}.Debug|Any CPU.ActiveCfg = Debug|Any CPU
		{17C3BEA4-A34E-4DBB-AB49-DB81D3D3BE63}.Debug|Any CPU.Build.0 = Debug|Any CPU
		{17C3BEA4-A34E-4DBB-AB49-DB81D3D3BE63}.Release|Any CPU.ActiveCfg = Release|Any CPU
		{17C3BEA4-A34E-4DBB-AB49-DB81D3D3BE63}.Release|Any CPU.Build.0 = Release|Any CPU
	EndGlobalSection
	GlobalSection(SolutionProperties) = preSolution
		HideSolutionNode = FALSE
	EndGlobalSection
	GlobalSection(ExtensibilityGlobals) = postSolution
		SolutionGuid = {BBBD6D1C-005B-4CD5-A17F-37553F32FE85}
	EndGlobalSection
EndGlobal
